
Microsoft Visual Studio Solution File, Format Version 12.00
# Visual Studio Version 17
VisualStudioVersion = 17.3.32922.545
MinimumVisualStudioVersion = 10.0.40219.1
Project("{8BC9CEB8-8B4A-11D0-8D11-00A0C91BC942}") = "template_method_pattern", "template_method_pattern\template_method_pattern.vcxproj", "{F2A14ED3-E911-44F5-8607-328DAC3B7C37}"
EndProject
Global
	GlobalSection(SolutionConfigurationPlatforms) = preSolution
		Debug|x64 = Debug|x64
		Debug|x86 = Debug|x86
		Release|x64 = Release|x64
		Release|x86 = Release|x86
	EndGlobalSection
	GlobalSection(ProjectConfigurationPlatforms) = postSolution
		{F2A14ED3-E911-44F5-8607-328DAC3B7C37}.Debug|x64.ActiveCfg = Debug|x64
		{F2A14ED3-E911-44F5-8607-328DAC3B7C37}.Debug|x64.Build.0 = Debug|x64
		{F2A14ED3-E911-44F5-8607-328DAC3B7C37}.Debug|x86.ActiveCfg = Debug|Win32
		{F2A14ED3-E911-44F5-8607-328DAC3B7C37}.Debug|x86.Build.0 = Debug|Win32
		{F2A14ED3-E911-44F5-8607-328DAC3B7C37}.Release|x64.ActiveCfg = Release|x64
		{F2A14ED3-E911-44F5-8607-328DAC3B7C37}.Release|x64.Build.0 = Release|x64
		{F2A14ED3-E911-44F5-8607-328DAC3B7C37}.Release|x86.ActiveCfg = Release|Win32
		{F2A14ED3-E911-44F5-8607-328DAC3B7C37}.Release|x86.Build.0 = Release|Win32
	EndGlobalSection
	GlobalSection(SolutionProperties) = preSolution
		HideSolutionNode = FALSE
	EndGlobalSection
	GlobalSection(ExtensibilityGlobals) = postSolution
		SolutionGuid = {795E87CF-AE1F-4510-AEB7-9259720D2AED}
	EndGlobalSection
EndGlobal
